
Microsoft Visual Studio Solution File, Format Version 12.00
# Visual Studio 15
VisualStudioVersion = 15.0.28010.2036
MinimumVisualStudioVersion = 10.0.40219.1
Project("{9092AA53-FB77-4645-B42D-1CCCA6BD08BD}") = "ArteBooks", "ArteBooks.njsproj", "{9C24E1D9-D858-4C31-9C90-0D5AE47BDAB1}"
EndProject
Global
	GlobalSection(SolutionConfigurationPlatforms) = preSolution
		Debug|Any CPU = Debug|Any CPU
		Release|Any CPU = Release|Any CPU
	EndGlobalSection
	GlobalSection(ProjectConfigurationPlatforms) = postSolution
		{9C24E1D9-D858-4C31-9C90-0D5AE47BDAB1}.Debug|Any CPU.ActiveCfg = Debug|Any CPU
		{9C24E1D9-D858-4C31-9C90-0D5AE47BDAB1}.Debug|Any CPU.Build.0 = Debug|Any CPU
		{9C24E1D9-D858-4C31-9C90-0D5AE47BDAB1}.Release|Any CPU.ActiveCfg = Release|Any CPU
		{9C24E1D9-D858-4C31-9C90-0D5AE47BDAB1}.Release|Any CPU.Build.0 = Release|Any CPU
	EndGlobalSection
	GlobalSection(SolutionProperties) = preSolution
		HideSolutionNode = FALSE
	EndGlobalSection
	GlobalSection(ExtensibilityGlobals) = postSolution
		SolutionGuid = {26795CD6-0B65-46CD-8623-769A50611E03}
	EndGlobalSection
EndGlobal
